// !$*UTF8*$!
{
	archiveVersion = 1;
	classes = {
	};
	objectVersion = 46;
	objects = {

/* Begin PBXBuildFile section */
		E01C727A18FDC0B400058D14 /* Foundation.framework in Frameworks */ = {isa = PBXBuildFile; fileRef = E01C727918FDC0B400058D14 /* Foundation.framework */; };
		E01C727C18FDC0B400058D14 /* CoreGraphics.framework in Frameworks */ = {isa = PBXBuildFile; fileRef = E01C727B18FDC0B400058D14 /* CoreGraphics.framework */; };
		E01C727E18FDC0B400058D14 /* UIKit.framework in Frameworks */ = {isa = PBXBuildFile; fileRef = E01C727D18FDC0B400058D14 /* UIKit.framework */; };
		E01C728418FDC0B400058D14 /* InfoPlist.strings in Resources */ = {isa = PBXBuildFile; fileRef = E01C728218FDC0B400058D14 /* InfoPlist.strings */; };
		E01C728618FDC0B400058D14 /* main.m in Sources */ = {isa = PBXBuildFile; fileRef = E01C728518FDC0B400058D14 /* main.m */; };
		E01C728A18FDC0B400058D14 /* LLAppDelegate.m in Sources */ = {isa = PBXBuildFile; fileRef = E01C728918FDC0B400058D14 /* LLAppDelegate.m */; };
		E01C728D18FDC0B400058D14 /* Main.storyboard in Resources */ = {isa = PBXBuildFile; fileRef = E01C728B18FDC0B400058D14 /* Main.storyboard */; };
		E01C729018FDC0B400058D14 /* LLViewController.m in Sources */ = {isa = PBXBuildFile; fileRef = E01C728F18FDC0B400058D14 /* LLViewController.m */; };
		E01C729218FDC0B400058D14 /* Images.xcassets in Resources */ = {isa = PBXBuildFile; fileRef = E01C729118FDC0B400058D14 /* Images.xcassets */; };
		E01C729918FDC0B400058D14 /* XCTest.framework in Frameworks */ = {isa = PBXBuildFile; fileRef = E01C729818FDC0B400058D14 /* XCTest.framework */; };
		E01C729A18FDC0B400058D14 /* Foundation.framework in Frameworks */ = {isa = PBXBuildFile; fileRef = E01C727918FDC0B400058D14 /* Foundation.framework */; };
		E01C729B18FDC0B400058D14 /* UIKit.framework in Frameworks */ = {isa = PBXBuildFile; fileRef = E01C727D18FDC0B400058D14 /* UIKit.framework */; };
		E01C72A318FDC0B500058D14 /* InfoPlist.strings in Resources */ = {isa = PBXBuildFile; fileRef = E01C72A118FDC0B500058D14 /* InfoPlist.strings */; };
		E01C72A518FDC0B500058D14 /* View_Objects_in_CodeTests.m in Sources */ = {isa = PBXBuildFile; fileRef = E01C72A418FDC0B500058D14 /* View_Objects_in_CodeTests.m */; };
/* End PBXBuildFile section */

/* Begin PBXContainerItemProxy section */
		E01C729C18FDC0B500058D14 /* PBXContainerItemProxy */ = {
			isa = PBXContainerItemProxy;
			containerPortal = E01C726E18FDC0B400058D14 /* Project object */;
			proxyType = 1;
			remoteGlobalIDString = E01C727518FDC0B400058D14;
			remoteInfo = "View Objects in Code";
		};
/* End PBXContainerItemProxy section */

/* Begin PBXFileReference section */
		E01C727618FDC0B400058D14 /* View Objects in Code.app */ = {isa = PBXFileReference; explicitFileType = wrapper.application; includeInIndex = 0; path = "View Objects in Code.app"; sourceTree = BUILT_PRODUCTS_DIR; };
		E01C727918FDC0B400058D14 /* Foundation.framework */ = {isa = PBXFileReference; lastKnownFileType = wrapper.framework; name = Foundation.framework; path = System/Library/Frameworks/Foundation.framework; sourceTree = SDKROOT; };
		E01C727B18FDC0B400058D14 /* CoreGraphics.framework */ = {isa = PBXFileReference; lastKnownFileType = wrapper.framework; name = CoreGraphics.framework; path = System/Library/Frameworks/CoreGraphics.framework; sourceTree = SDKROOT; };
		E01C727D18FDC0B400058D14 /* UIKit.framework */ = {isa = PBXFileReference; lastKnownFileType = wrapper.framework; name = UIKit.framework; path = System/Library/Frameworks/UIKit.framework; sourceTree = SDKROOT; };
		E01C728118FDC0B400058D14 /* View Objects in Code-Info.plist */ = {isa = PBXFileReference; lastKnownFileType = text.plist.xml; path = "View Objects in Code-Info.plist"; sourceTree = "<group>"; };
		E01C728318FDC0B400058D14 /* en */ = {isa = PBXFileReference; lastKnownFileType = text.plist.strings; name = en; path = en.lproj/InfoPlist.strings; sourceTree = "<group>"; };
		E01C728518FDC0B400058D14 /* main.m */ = {isa = PBXFileReference; lastKnownFileType = sourcecode.c.objc; path = main.m; sourceTree = "<group>"; };
		E01C728718FDC0B400058D14 /* View Objects in Code-Prefix.pch */ = {isa = PBXFileReference; lastKnownFileType = sourcecode.c.h; path = "View Objects in Code-Prefix.pch"; sourceTree = "<group>"; };
		E01C728818FDC0B400058D14 /* LLAppDelegate.h */ = {isa = PBXFileReference; lastKnownFileType = sourcecode.c.h; path = LLAppDelegate.h; sourceTree = "<group>"; };
		E01C728918FDC0B400058D14 /* LLAppDelegate.m */ = {isa = PBXFileReference; lastKnownFileType = sourcecode.c.objc; path = LLAppDelegate.m; sourceTree = "<group>"; };
		E01C728C18FDC0B400058D14 /* Base */ = {isa = PBXFileReference; lastKnownFileType = file.storyboard; name = Base; path = Base.lproj/Main.storyboard; sourceTree = "<group>"; };
		E01C728E18FDC0B400058D14 /* LLViewController.h */ = {isa = PBXFileReference; lastKnownFileType = sourcecode.c.h; path = LLViewController.h; sourceTree = "<group>"; };
		E01C728F18FDC0B400058D14 /* LLViewController.m */ = {isa = PBXFileReference; lastKnownFileType = sourcecode.c.objc; path = LLViewController.m; sourceTree = "<group>"; };
		E01C729118FDC0B400058D14 /* Images.xcassets */ = {isa = PBXFileReference; lastKnownFileType = folder.assetcatalog; path = Images.xcassets; sourceTree = "<group>"; };
		E01C729718FDC0B400058D14 /* View Objects in CodeTests.xctest */ = {isa = PBXFileReference; explicitFileType = wrapper.cfbundle; includeInIndex = 0; path = "View Objects in CodeTests.xctest"; sourceTree = BUILT_PRODUCTS_DIR; };
		E01C729818FDC0B400058D14 /* XCTest.framework */ = {isa = PBXFileReference; lastKnownFileType = wrapper.framework; name = XCTest.framework; path = Library/Frameworks/XCTest.framework; sourceTree = DEVELOPER_DIR; };
		E01C72A018FDC0B500058D14 /* View Objects in CodeTests-Info.plist */ = {isa = PBXFileReference; lastKnownFileType = text.plist.xml; path = "View Objects in CodeTests-Info.plist"; sourceTree = "<group>"; };
		E01C72A218FDC0B500058D14 /* en */ = {isa = PBXFileReference; lastKnownFileType = text.plist.strings; name = en; path = en.lproj/InfoPlist.strings; sourceTree = "<group>"; };
		E01C72A418FDC0B500058D14 /* View_Objects_in_CodeTests.m */ = {isa = PBXFileReference; lastKnownFileType = sourcecode.c.objc; path = View_Objects_in_CodeTests.m; sourceTree = "<group>"; };
/* End PBXFileReference section */

/* Begin PBXFrameworksBuildPhase section */
		E01C727318FDC0B400058D14 /* Frameworks */ = {
			isa = PBXFrameworksBuildPhase;
			buildActionMask = 2147483647;
			files = (
				E01C727C18FDC0B400058D14 /* CoreGraphics.framework in Frameworks */,
				E01C727E18FDC0B400058D14 /* UIKit.framework in Frameworks */,
				E01C727A18FDC0B400058D14 /* Foundation.framework in Frameworks */,
			);
			runOnlyForDeploymentPostprocessing = 0;
		};
		E01C729418FDC0B400058D14 /* Frameworks */ = {
			isa = PBXFrameworksBuildPhase;
			buildActionMask = 2147483647;
			files = (
				E01C729918FDC0B400058D14 /* XCTest.framework in Frameworks */,
				E01C729B18FDC0B400058D14 /* UIKit.framework in Frameworks */,
				E01C729A18FDC0B400058D14 /* Foundation.framework in Frameworks */,
			);
			runOnlyForDeploymentPostprocessing = 0;
		};
/* End PBXFrameworksBuildPhase section */

/* Begin PBXGroup section */
		E01C726D18FDC0B400058D14 = {
			isa = PBXGroup;
			children = (
				E01C727F18FDC0B400058D14 /* View Objects in Code */,
				E01C729E18FDC0B500058D14 /* View Objects in CodeTests */,
				E01C727818FDC0B400058D14 /* Frameworks */,
				E01C727718FDC0B400058D14 /* Products */,
			);
			sourceTree = "<group>";
		};
		E01C727718FDC0B400058D14 /* Products */ = {
			isa = PBXGroup;
			children = (
				E01C727618FDC0B400058D14 /* View Objects in Code.app */,
				E01C729718FDC0B400058D14 /* View Objects in CodeTests.xctest */,
			);
			name = Products;
			sourceTree = "<group>";
		};
		E01C727818FDC0B400058D14 /* Frameworks */ = {
			isa = PBXGroup;
			children = (
				E01C727918FDC0B400058D14 /* Foundation.framework */,
				E01C727B18FDC0B400058D14 /* CoreGraphics.framework */,
				E01C727D18FDC0B400058D14 /* UIKit.framework */,
				E01C729818FDC0B400058D14 /* XCTest.framework */,
			);
			name = Frameworks;
			sourceTree = "<group>";
		};
		E01C727F18FDC0B400058D14 /* View Objects in Code */ = {
			isa = PBXGroup;
			children = (
				E01C728818FDC0B400058D14 /* LLAppDelegate.h */,
				E01C728918FDC0B400058D14 /* LLAppDelegate.m */,
				E01C728B18FDC0B400058D14 /* Main.storyboard */,
				E01C728E18FDC0B400058D14 /* LLViewController.h */,
				E01C728F18FDC0B400058D14 /* LLViewController.m */,
				E01C729118FDC0B400058D14 /* Images.xcassets */,
				E01C728018FDC0B400058D14 /* Supporting Files */,
			);
			path = "View Objects in Code";
			sourceTree = "<group>";
		};
		E01C728018FDC0B400058D14 /* Supporting Files */ = {
			isa = PBXGroup;
			children = (
				E01C728118FDC0B400058D14 /* View Objects in Code-Info.plist */,
				E01C728218FDC0B400058D14 /* InfoPlist.strings */,
				E01C728518FDC0B400058D14 /* main.m */,
				E01C728718FDC0B400058D14 /* View Objects in Code-Prefix.pch */,
			);
			name = "Supporting Files";
			sourceTree = "<group>";
		};
		E01C729E18FDC0B500058D14 /* View Objects in CodeTests */ = {
			isa = PBXGroup;
			children = (
				E01C72A418FDC0B500058D14 /* View_Objects_in_CodeTests.m */,
				E01C729F18FDC0B500058D14 /* Supporting Files */,
			);
			path = "View Objects in CodeTests";
			sourceTree = "<group>";
		};
		E01C729F18FDC0B500058D14 /* Supporting Files */ = {
			isa = PBXGroup;
			children = (
				E01C72A018FDC0B500058D14 /* View Objects in CodeTests-Info.plist */,
				E01C72A118FDC0B500058D14 /* InfoPlist.strings */,
			);
			name = "Supporting Files";
			sourceTree = "<group>";
		};
/* End PBXGroup section */

/* Begin PBXNativeTarget section */
		E01C727518FDC0B400058D14 /* View Objects in Code */ = {
			isa = PBXNativeTarget;
			buildConfigurationList = E01C72A818FDC0B500058D14 /* Build configuration list for PBXNativeTarget "View Objects in Code" */;
			buildPhases = (
				E01C727218FDC0B400058D14 /* Sources */,
				E01C727318FDC0B400058D14 /* Frameworks */,
				E01C727418FDC0B400058D14 /* Resources */,
			);
			buildRules = (
			);
			dependencies = (
			);
			name = "View Objects in Code";
			productName = "View Objects in Code";
			productReference = E01C727618FDC0B400058D14 /* View Objects in Code.app */;
			productType = "com.apple.product-type.application";
		};
		E01C729618FDC0B400058D14 /* View Objects in CodeTests */ = {
			isa = PBXNativeTarget;
			buildConfigurationList = E01C72AB18FDC0B500058D14 /* Build configuration list for PBXNativeTarget "View Objects in CodeTests" */;
			buildPhases = (
				E01C729318FDC0B400058D14 /* Sources */,
				E01C729418FDC0B400058D14 /* Frameworks */,
				E01C729518FDC0B400058D14 /* Resources */,
			);
			buildRules = (
			);
			dependencies = (
				E01C729D18FDC0B500058D14 /* PBXTargetDependency */,
			);
			name = "View Objects in CodeTests";
			productName = "View Objects in CodeTests";
			productReference = E01C729718FDC0B400058D14 /* View Objects in CodeTests.xctest */;
			productType = "com.apple.product-type.bundle.unit-test";
		};
/* End PBXNativeTarget section */

/* Begin PBXProject section */
		E01C726E18FDC0B400058D14 /* Project object */ = {
			isa = PBXProject;
			attributes = {
				CLASSPREFIX = LL;
				LastUpgradeCheck = 0510;
				ORGANIZATIONNAME = "Caleb Tan";
				TargetAttributes = {
					E01C729618FDC0B400058D14 = {
						TestTargetID = E01C727518FDC0B400058D14;
					};
				};
			};
			buildConfigurationList = E01C727118FDC0B400058D14 /* Build configuration list for PBXProject "View Objects in Code" */;
			compatibilityVersion = "Xcode 3.2";
			developmentRegion = English;
			hasScannedForEncodings = 0;
			knownRegions = (
				en,
				Base,
			);
			mainGroup = E01C726D18FDC0B400058D14;
			productRefGroup = E01C727718FDC0B400058D14 /* Products */;
			projectDirPath = "";
			projectRoot = "";
			targets = (
				E01C727518FDC0B400058D14 /* View Objects in Code */,
				E01C729618FDC0B400058D14 /* View Objects in CodeTests */,
			);
		};
/* End PBXProject section */

/* Begin PBXResourcesBuildPhase section */
		E01C727418FDC0B400058D14 /* Resources */ = {
			isa = PBXResourcesBuildPhase;
			buildActionMask = 2147483647;
			files = (
				E01C729218FDC0B400058D14 /* Images.xcassets in Resources */,
				E01C728418FDC0B400058D14 /* InfoPlist.strings in Resources */,
				E01C728D18FDC0B400058D14 /* Main.storyboard in Resources */,
			);
			runOnlyForDeploymentPostprocessing = 0;
		};
		E01C729518FDC0B400058D14 /* Resources */ = {
			isa = PBXResourcesBuildPhase;
			buildActionMask = 2147483647;
			files = (
				E01C72A318FDC0B500058D14 /* InfoPlist.strings in Resources */,
			);
			runOnlyForDeploymentPostprocessing = 0;
		};
/* End PBXResourcesBuildPhase section */

/* Begin PBXSourcesBuildPhase section */
		E01C727218FDC0B400058D14 /* Sources */ = {
			isa = PBXSourcesBuildPhase;
			buildActionMask = 2147483647;
			files = (
				E01C728A18FDC0B400058D14 /* LLAppDelegate.m in Sources */,
				E01C728618FDC0B400058D14 /* main.m in Sources */,
				E01C729018FDC0B400058D14 /* LLViewController.m in Sources */,
			);
			runOnlyForDeploymentPostprocessing = 0;
		};
		E01C729318FDC0B400058D14 /* Sources */ = {
			isa = PBXSourcesBuildPhase;
			buildActionMask = 2147483647;
			files = (
				E01C72A518FDC0B500058D14 /* View_Objects_in_CodeTests.m in Sources */,
			);
			runOnlyForDeploymentPostprocessing = 0;
		};
/* End PBXSourcesBuildPhase section */

/* Begin PBXTargetDependency section */
		E01C729D18FDC0B500058D14 /* PBXTargetDependency */ = {
			isa = PBXTargetDependency;
			target = E01C727518FDC0B400058D14 /* View Objects in Code */;
			targetProxy = E01C729C18FDC0B500058D14 /* PBXContainerItemProxy */;
		};
/* End PBXTargetDependency section */

/* Begin PBXVariantGroup section */
		E01C728218FDC0B400058D14 /* InfoPlist.strings */ = {
			isa = PBXVariantGroup;
			children = (
				E01C728318FDC0B400058D14 /* en */,
			);
			name = InfoPlist.strings;
			sourceTree = "<group>";
		};
		E01C728B18FDC0B400058D14 /* Main.storyboard */ = {
			isa = PBXVariantGroup;
			children = (
				E01C728C18FDC0B400058D14 /* Base */,
			);
			name = Main.storyboard;
			sourceTree = "<group>";
		};
		E01C72A118FDC0B500058D14 /* InfoPlist.strings */ = {
			isa = PBXVariantGroup;
			children = (
				E01C72A218FDC0B500058D14 /* en */,
			);
			name = InfoPlist.strings;
			sourceTree = "<group>";
		};
/* End PBXVariantGroup section */

/* Begin XCBuildConfiguration section */
		E01C72A618FDC0B500058D14 /* Debug */ = {
			isa = XCBuildConfiguration;
			buildSettings = {
				ALWAYS_SEARCH_USER_PATHS = NO;
				CLANG_CXX_LANGUAGE_STANDARD = "gnu++0x";
				CLANG_CXX_LIBRARY = "libc++";
				CLANG_ENABLE_MODULES = YES;
				CLANG_ENABLE_OBJC_ARC = YES;
				CLANG_WARN_BOOL_CONVERSION = YES;
				CLANG_WARN_CONSTANT_CONVERSION = YES;
				CLANG_WARN_DIRECT_OBJC_ISA_USAGE = YES_ERROR;
				CLANG_WARN_EMPTY_BODY = YES;
				CLANG_WARN_ENUM_CONVERSION = YES;
				CLANG_WARN_INT_CONVERSION = YES;
				CLANG_WARN_OBJC_ROOT_CLASS = YES_ERROR;
				CLANG_WARN__DUPLICATE_METHOD_MATCH = YES;
				"CODE_SIGN_IDENTITY[sdk=iphoneos*]" = "iPhone Developer";
				COPY_PHASE_STRIP = NO;
				GCC_C_LANGUAGE_STANDARD = gnu99;
				GCC_DYNAMIC_NO_PIC = NO;
				GCC_OPTIMIZATION_LEVEL = 0;
				GCC_PREPROCESSOR_DEFINITIONS = (
					"DEBUG=1",
					"$(inherited)",
				);
				GCC_SYMBOLS_PRIVATE_EXTERN = NO;
				GCC_WARN_64_TO_32_BIT_CONVERSION = YES;
				GCC_WARN_ABOUT_RETURN_TYPE = YES_ERROR;
				GCC_WARN_UNDECLARED_SELECTOR = YES;
				GCC_WARN_UNINITIALIZED_AUTOS = YES_AGGRESSIVE;
				GCC_WARN_UNUSED_FUNCTION = YES;
				GCC_WARN_UNUSED_VARIABLE = YES;
				IPHONEOS_DEPLOYMENT_TARGET = 7.1;
				ONLY_ACTIVE_ARCH = YES;
				SDKROOT = iphoneos;
			};
			name = Debug;
		};
		E01C72A718FDC0B500058D14 /* Release */ = {
			isa = XCBuildConfiguration;
			buildSettings = {
				ALWAYS_SEARCH_USER_PATHS = NO;
				CLANG_CXX_LANGUAGE_STANDARD = "gnu++0x";
				CLANG_CXX_LIBRARY = "libc++";
				CLANG_ENABLE_MODULES = YES;
				CLANG_ENABLE_OBJC_ARC = YES;
				CLANG_WARN_BOOL_CONVERSION = YES;
				CLANG_WARN_CONSTANT_CONVERSION = YES;
				CLANG_WARN_DIRECT_OBJC_ISA_USAGE = YES_ERROR;
				CLANG_WARN_EMPTY_BODY = YES;
				CLANG_WARN_ENUM_CONVERSION = YES;
				CLANG_WARN_INT_CONVERSION = YES;
				CLANG_WARN_OBJC_ROOT_CLASS = YES_ERROR;
				CLANG_WARN__DUPLICATE_METHOD_MATCH = YES;
				"CODE_SIGN_IDENTITY[sdk=iphoneos*]" = "iPhone Developer";
				COPY_PHASE_STRIP = YES;
				ENABLE_NS_ASSERTIONS = NO;
				GCC_C_LANGUAGE_STANDARD = gnu99;
				GCC_WARN_64_TO_32_BIT_CONVERSION = YES;
				GCC_WARN_ABOUT_RETURN_TYPE = YES_ERROR;
				GCC_WARN_UNDECLARED_SELECTOR = YES;
				GCC_WARN_UNINITIALIZED_AUTOS = YES_AGGRESSIVE;
				GCC_WARN_UNUSED_FUNCTION = YES;
				GCC_WARN_UNUSED_VARIABLE = YES;
				IPHONEOS_DEPLOYMENT_TARGET = 7.1;
				SDKROOT = iphoneos;
				VALIDATE_PRODUCT = YES;
			};
			name = Release;
		};
		E01C72A918FDC0B500058D14 /* Debug */ = {
			isa = XCBuildConfiguration;
			buildSettings = {
				ASSETCATALOG_COMPILER_APPICON_NAME = AppIcon;
				ASSETCATALOG_COMPILER_LAUNCHIMAGE_NAME = LaunchImage;
				GCC_PRECOMPILE_PREFIX_HEADER = YES;
				GCC_PREFIX_HEADER = "View Objects in Code/View Objects in Code-Prefix.pch";
				INFOPLIST_FILE = "View Objects in Code/View Objects in Code-Info.plist";
				PRODUCT_NAME = "$(TARGET_NAME)";
				WRAPPER_EXTENSION = app;
			};
			name = Debug;
		};
		E01C72AA18FDC0B500058D14 /* Release */ = {
			isa = XCBuildConfiguration;
			buildSettings = {
				ASSETCATALOG_COMPILER_APPICON_NAME = AppIcon;
				ASSETCATALOG_COMPILER_LAUNCHIMAGE_NAME = LaunchImage;
				GCC_PRECOMPILE_PREFIX_HEADER = YES;
				GCC_PREFIX_HEADER = "View Objects in Code/View Objects in Code-Prefix.pch";
				INFOPLIST_FILE = "View Objects in Code/View Objects in Code-Info.plist";
				PRODUCT_NAME = "$(TARGET_NAME)";
				WRAPPER_EXTENSION = app;
			};
			name = Release;
		};
		E01C72AC18FDC0B500058D14 /* Debug */ = {
			isa = XCBuildConfiguration;
			buildSettings = {
				BUNDLE_LOADER = "$(BUILT_PRODUCTS_DIR)/View Objects in Code.app/View Objects in Code";
				FRAMEWORK_SEARCH_PATHS = (
					"$(SDKROOT)/Developer/Library/Frameworks",
					"$(inherited)",
					"$(DEVELOPER_FRAMEWORKS_DIR)",
				);
				GCC_PRECOMPILE_PREFIX_HEADER = YES;
				GCC_PREFIX_HEADER = "View Objects in Code/View Objects in Code-Prefix.pch";
				GCC_PREPROCESSOR_DEFINITIONS = (
					"DEBUG=1",
					"$(inherited)",
				);
				INFOPLIST_FILE = "View Objects in CodeTests/View Objects in CodeTests-Info.plist";
				PRODUCT_NAME = "$(TARGET_NAME)";
				TEST_HOST = "$(BUNDLE_LOADER)";
				WRAPPER_EXTENSION = xctest;
			};
			name = Debug;
		};
		E01C72AD18FDC0B500058D14 /* Release */ = {
			isa = XCBuildConfiguration;
			buildSettings = {
				BUNDLE_LOADER = "$(BUILT_PRODUCTS_DIR)/View Objects in Code.app/View Objects in Code";
				FRAMEWORK_SEARCH_PATHS = (
					"$(SDKROOT)/Developer/Library/Frameworks",
					"$(inherited)",
					"$(DEVELOPER_FRAMEWORKS_DIR)",
				);
				GCC_PRECOMPILE_PREFIX_HEADER = YES;
				GCC_PREFIX_HEADER = "View Objects in Code/View Objects in Code-Prefix.pch";
				INFOPLIST_FILE = "View Objects in CodeTests/View Objects in CodeTests-Info.plist";
				PRODUCT_NAME = "$(TARGET_NAME)";
				TEST_HOST = "$(BUNDLE_LOADER)";
				WRAPPER_EXTENSION = xctest;
			};
			name = Release;
		};
/* End XCBuildConfiguration section */

/* Begin XCConfigurationList section */
		E01C727118FDC0B400058D14 /* Build configuration list for PBXProject "View Objects in Code" */ = {
			isa = XCConfigurationList;
			buildConfigurations = (
				E01C72A618FDC0B500058D14 /* Debug */,
				E01C72A718FDC0B500058D14 /* Release */,
			);
			defaultConfigurationIsVisible = 0;
			defaultConfigurationName = Release;
		};
		E01C72A818FDC0B500058D14 /* Build configuration list for PBXNativeTarget "View Objects in Code" */ = {
			isa = XCConfigurationList;
			buildConfigurations = (
				E01C72A918FDC0B500058D14 /* Debug */,
				E01C72AA18FDC0B500058D14 /* Release */,
			);
			defaultConfigurationIsVisible = 0;
		};
		E01C72AB18FDC0B500058D14 /* Build configuration list for PBXNativeTarget "View Objects in CodeTests" */ = {
			isa = XCConfigurationList;
			buildConfigurations = (
				E01C72AC18FDC0B500058D14 /* Debug */,
				E01C72AD18FDC0B500058D14 /* Release */,
			);
			defaultConfigurationIsVisible = 0;
		};
/* End XCConfigurationList section */
	};
	rootObject = E01C726E18FDC0B400058D14 /* Project object */;
}
